// !$*UTF8*$!
{
	archiveVersion = 1;
	classes = {
	};
	objectVersion = 56;
	objects = {

/* Begin PBXBuildFile section */
		7D6EF990287B51A9003D78BA /* InsertGalleryView.swift in Sources */ = {isa = PBXBuildFile; fileRef = 7D6EF98F287B51A9003D78BA /* InsertGalleryView.swift */; };
		7D6EF993287B5585003D78BA /* gallery.json in Resources */ = {isa = PBXBuildFile; fileRef = 7D6EF992287B5585003D78BA /* gallery.json */; };
		7D95B23628722D76005CEAF5 /* Christina_Photo_AppApp.swift in Sources */ = {isa = PBXBuildFile; fileRef = 7D95B23528722D76005CEAF5 /* Christina_Photo_AppApp.swift */; };
		7D95B23828722D76005CEAF5 /* ContentView.swift in Sources */ = {isa = PBXBuildFile; fileRef = 7D95B23728722D76005CEAF5 /* ContentView.swift */; };
		7D95B23A28722D76005CEAF5 /* Assets.xcassets in Resources */ = {isa = PBXBuildFile; fileRef = 7D95B23928722D76005CEAF5 /* Assets.xcassets */; };
		7D95B23D28722D76005CEAF5 /* Preview Assets.xcassets in Resources */ = {isa = PBXBuildFile; fileRef = 7D95B23C28722D76005CEAF5 /* Preview Assets.xcassets */; };
		7D95B24728722D77005CEAF5 /* Christina_Photo_AppTests.swift in Sources */ = {isa = PBXBuildFile; fileRef = 7D95B24628722D77005CEAF5 /* Christina_Photo_AppTests.swift */; };
		7D95B25128722D77005CEAF5 /* Christina_Photo_AppUITests.swift in Sources */ = {isa = PBXBuildFile; fileRef = 7D95B25028722D77005CEAF5 /* Christina_Photo_AppUITests.swift */; };
		7D95B25328722D77005CEAF5 /* Christina_Photo_AppUITestsLaunchTests.swift in Sources */ = {isa = PBXBuildFile; fileRef = 7D95B25228722D77005CEAF5 /* Christina_Photo_AppUITestsLaunchTests.swift */; };
		7D95B262287234F4005CEAF5 /* MainView.swift in Sources */ = {isa = PBXBuildFile; fileRef = 7D95B261287234F4005CEAF5 /* MainView.swift */; };
		7D95B26428723533005CEAF5 /* GalleryView.swift in Sources */ = {isa = PBXBuildFile; fileRef = 7D95B26328723533005CEAF5 /* GalleryView.swift */; };
		7D95B2662872353B005CEAF5 /* MapView.swift in Sources */ = {isa = PBXBuildFile; fileRef = 7D95B2652872353B005CEAF5 /* MapView.swift */; };
		7D95B2682872356F005CEAF5 /* MapAnnotationView.swift in Sources */ = {isa = PBXBuildFile; fileRef = 7D95B2672872356F005CEAF5 /* MapAnnotationView.swift */; };
		7D95B26C28723596005CEAF5 /* LocationModel.swift in Sources */ = {isa = PBXBuildFile; fileRef = 7D95B26B28723596005CEAF5 /* LocationModel.swift */; };
		7D95B270287236AC005CEAF5 /* CodableBundleExtension.swift in Sources */ = {isa = PBXBuildFile; fileRef = 7D95B26F287236AC005CEAF5 /* CodableBundleExtension.swift */; };
		7D95B27428723888005CEAF5 /* CoverImageView.swift in Sources */ = {isa = PBXBuildFile; fileRef = 7D95B27328723888005CEAF5 /* CoverImageView.swift */; };
		7D95B276287238B9005CEAF5 /* CoverImageModel.swift in Sources */ = {isa = PBXBuildFile; fileRef = 7D95B275287238B9005CEAF5 /* CoverImageModel.swift */; };
		7D95B27828723908005CEAF5 /* covers.json in Resources */ = {isa = PBXBuildFile; fileRef = 7D95B27728723908005CEAF5 /* covers.json */; };
		7D95B27A28723924005CEAF5 /* locations.json in Resources */ = {isa = PBXBuildFile; fileRef = 7D95B27928723924005CEAF5 /* locations.json */; };
		7D95B27C28723F92005CEAF5 /* VacationModel.swift in Sources */ = {isa = PBXBuildFile; fileRef = 7D95B27B28723F92005CEAF5 /* VacationModel.swift */; };
		7D95B27E287240EB005CEAF5 /* vacations.json in Resources */ = {isa = PBXBuildFile; fileRef = 7D95B27D287240EB005CEAF5 /* vacations.json */; };
		7D95B28028724204005CEAF5 /* VacationDetailView.swift in Sources */ = {isa = PBXBuildFile; fileRef = 7D95B27F28724204005CEAF5 /* VacationDetailView.swift */; };
		7D95B28228724262005CEAF5 /* VacationListItemView.swift in Sources */ = {isa = PBXBuildFile; fileRef = 7D95B28128724262005CEAF5 /* VacationListItemView.swift */; };
/* End PBXBuildFile section */

/* Begin PBXContainerItemProxy section */
		7D95B24328722D77005CEAF5 /* PBXContainerItemProxy */ = {
			isa = PBXContainerItemProxy;
			containerPortal = 7D95B22A28722D76005CEAF5 /* Project object */;
			proxyType = 1;
			remoteGlobalIDString = 7D95B23128722D76005CEAF5;
			remoteInfo = "Christina Photo App";
		};
		7D95B24D28722D77005CEAF5 /* PBXContainerItemProxy */ = {
			isa = PBXContainerItemProxy;
			containerPortal = 7D95B22A28722D76005CEAF5 /* Project object */;
			proxyType = 1;
			remoteGlobalIDString = 7D95B23128722D76005CEAF5;
			remoteInfo = "Christina Photo App";
		};
/* End PBXContainerItemProxy section */

/* Begin PBXFileReference section */
		7D6EF98F287B51A9003D78BA /* InsertGalleryView.swift */ = {isa = PBXFileReference; lastKnownFileType = sourcecode.swift; path = InsertGalleryView.swift; sourceTree = "<group>"; };
		7D6EF992287B5585003D78BA /* gallery.json */ = {isa = PBXFileReference; lastKnownFileType = text.json; path = gallery.json; sourceTree = "<group>"; };
		7D95B23228722D76005CEAF5 /* Christina Photo App.app */ = {isa = PBXFileReference; explicitFileType = wrapper.application; includeInIndex = 0; path = "Christina Photo App.app"; sourceTree = BUILT_PRODUCTS_DIR; };
		7D95B23528722D76005CEAF5 /* Christina_Photo_AppApp.swift */ = {isa = PBXFileReference; lastKnownFileType = sourcecode.swift; path = Christina_Photo_AppApp.swift; sourceTree = "<group>"; };
		7D95B23728722D76005CEAF5 /* ContentView.swift */ = {isa = PBXFileReference; lastKnownFileType = sourcecode.swift; path = ContentView.swift; sourceTree = "<group>"; };
		7D95B23928722D76005CEAF5 /* Assets.xcassets */ = {isa = PBXFileReference; lastKnownFileType = folder.assetcatalog; path = Assets.xcassets; sourceTree = "<group>"; };
		7D95B23C28722D76005CEAF5 /* Preview Assets.xcassets */ = {isa = PBXFileReference; lastKnownFileType = folder.assetcatalog; path = "Preview Assets.xcassets"; sourceTree = "<group>"; };
		7D95B24228722D77005CEAF5 /* Christina Photo AppTests.xctest */ = {isa = PBXFileReference; explicitFileType = wrapper.cfbundle; includeInIndex = 0; path = "Christina Photo AppTests.xctest"; sourceTree = BUILT_PRODUCTS_DIR; };
		7D95B24628722D77005CEAF5 /* Christina_Photo_AppTests.swift */ = {isa = PBXFileReference; lastKnownFileType = sourcecode.swift; path = Christina_Photo_AppTests.swift; sourceTree = "<group>"; };
		7D95B24C28722D77005CEAF5 /* Christina Photo AppUITests.xctest */ = {isa = PBXFileReference; explicitFileType = wrapper.cfbundle; includeInIndex = 0; path = "Christina Photo AppUITests.xctest"; sourceTree = BUILT_PRODUCTS_DIR; };
		7D95B25028722D77005CEAF5 /* Christina_Photo_AppUITests.swift */ = {isa = PBXFileReference; lastKnownFileType = sourcecode.swift; path = Christina_Photo_AppUITests.swift; sourceTree = "<group>"; };
		7D95B25228722D77005CEAF5 /* Christina_Photo_AppUITestsLaunchTests.swift */ = {isa = PBXFileReference; lastKnownFileType = sourcecode.swift; path = Christina_Photo_AppUITestsLaunchTests.swift; sourceTree = "<group>"; };
		7D95B261287234F4005CEAF5 /* MainView.swift */ = {isa = PBXFileReference; lastKnownFileType = sourcecode.swift; path = MainView.swift; sourceTree = "<group>"; };
		7D95B26328723533005CEAF5 /* GalleryView.swift */ = {isa = PBXFileReference; lastKnownFileType = sourcecode.swift; path = GalleryView.swift; sourceTree = "<group>"; };
		7D95B2652872353B005CEAF5 /* MapView.swift */ = {isa = PBXFileReference; lastKnownFileType = sourcecode.swift; path = MapView.swift; sourceTree = "<group>"; };
		7D95B2672872356F005CEAF5 /* MapAnnotationView.swift */ = {isa = PBXFileReference; lastKnownFileType = sourcecode.swift; path = MapAnnotationView.swift; sourceTree = "<group>"; };
		7D95B26B28723596005CEAF5 /* LocationModel.swift */ = {isa = PBXFileReference; lastKnownFileType = sourcecode.swift; path = LocationModel.swift; sourceTree = "<group>"; };
		7D95B26F287236AC005CEAF5 /* CodableBundleExtension.swift */ = {isa = PBXFileReference; lastKnownFileType = sourcecode.swift; path = CodableBundleExtension.swift; sourceTree = "<group>"; };
		7D95B27328723888005CEAF5 /* CoverImageView.swift */ = {isa = PBXFileReference; lastKnownFileType = sourcecode.swift; path = CoverImageView.swift; sourceTree = "<group>"; };
		7D95B275287238B9005CEAF5 /* CoverImageModel.swift */ = {isa = PBXFileReference; lastKnownFileType = sourcecode.swift; path = CoverImageModel.swift; sourceTree = "<group>"; };
		7D95B27728723908005CEAF5 /* covers.json */ = {isa = PBXFileReference; lastKnownFileType = text.json; path = covers.json; sourceTree = "<group>"; };
		7D95B27928723924005CEAF5 /* locations.json */ = {isa = PBXFileReference; lastKnownFileType = text.json; path = locations.json; sourceTree = "<group>"; };
		7D95B27B28723F92005CEAF5 /* VacationModel.swift */ = {isa = PBXFileReference; lastKnownFileType = sourcecode.swift; path = VacationModel.swift; sourceTree = "<group>"; };
		7D95B27D287240EB005CEAF5 /* vacations.json */ = {isa = PBXFileReference; lastKnownFileType = text.json; path = vacations.json; sourceTree = "<group>"; };
		7D95B27F28724204005CEAF5 /* VacationDetailView.swift */ = {isa = PBXFileReference; lastKnownFileType = sourcecode.swift; path = VacationDetailView.swift; sourceTree = "<group>"; };
		7D95B28128724262005CEAF5 /* VacationListItemView.swift */ = {isa = PBXFileReference; lastKnownFileType = sourcecode.swift; path = VacationListItemView.swift; sourceTree = "<group>"; };
/* End PBXFileReference section */

/* Begin PBXFrameworksBuildPhase section */
		7D95B22F28722D76005CEAF5 /* Frameworks */ = {
			isa = PBXFrameworksBuildPhase;
			buildActionMask = 2147483647;
			files = (
			);
			runOnlyForDeploymentPostprocessing = 0;
		};
		7D95B23F28722D77005CEAF5 /* Frameworks */ = {
			isa = PBXFrameworksBuildPhase;
			buildActionMask = 2147483647;
			files = (
			);
			runOnlyForDeploymentPostprocessing = 0;
		};
		7D95B24928722D77005CEAF5 /* Frameworks */ = {
			isa = PBXFrameworksBuildPhase;
			buildActionMask = 2147483647;
			files = (
			);
			runOnlyForDeploymentPostprocessing = 0;
		};
/* End PBXFrameworksBuildPhase section */

/* Begin PBXGroup section */
		7D95B22928722D76005CEAF5 = {
			isa = PBXGroup;
			children = (
				7D95B23428722D76005CEAF5 /* Christina Photo App */,
				7D95B24528722D77005CEAF5 /* Christina Photo AppTests */,
				7D95B24F28722D77005CEAF5 /* Christina Photo AppUITests */,
				7D95B23328722D76005CEAF5 /* Products */,
			);
			sourceTree = "<group>";
		};
		7D95B23328722D76005CEAF5 /* Products */ = {
			isa = PBXGroup;
			children = (
				7D95B23228722D76005CEAF5 /* Christina Photo App.app */,
				7D95B24228722D77005CEAF5 /* Christina Photo AppTests.xctest */,
				7D95B24C28722D77005CEAF5 /* Christina Photo AppUITests.xctest */,
			);
			name = Products;
			sourceTree = "<group>";
		};
		7D95B23428722D76005CEAF5 /* Christina Photo App */ = {
			isa = PBXGroup;
			children = (
				7D95B26E28723697005CEAF5 /* Extension */,
				7D95B26A28723582005CEAF5 /* Model */,
				7D95B2692872357C005CEAF5 /* Data */,
				7D95B260287234E7005CEAF5 /* App */,
				7D95B25F287234DB005CEAF5 /* Views */,
				7D95B23928722D76005CEAF5 /* Assets.xcassets */,
				7D95B23B28722D76005CEAF5 /* Preview Content */,
			);
			path = "Christina Photo App";
			sourceTree = "<group>";
		};
		7D95B23B28722D76005CEAF5 /* Preview Content */ = {
			isa = PBXGroup;
			children = (
				7D95B23C28722D76005CEAF5 /* Preview Assets.xcassets */,
			);
			path = "Preview Content";
			sourceTree = "<group>";
		};
		7D95B24528722D77005CEAF5 /* Christina Photo AppTests */ = {
			isa = PBXGroup;
			children = (
				7D95B24628722D77005CEAF5 /* Christina_Photo_AppTests.swift */,
			);
			path = "Christina Photo AppTests";
			sourceTree = "<group>";
		};
		7D95B24F28722D77005CEAF5 /* Christina Photo AppUITests */ = {
			isa = PBXGroup;
			children = (
				7D95B25028722D77005CEAF5 /* Christina_Photo_AppUITests.swift */,
				7D95B25228722D77005CEAF5 /* Christina_Photo_AppUITestsLaunchTests.swift */,
			);
			path = "Christina Photo AppUITests";
			sourceTree = "<group>";
		};
		7D95B25F287234DB005CEAF5 /* Views */ = {
			isa = PBXGroup;
			children = (
				7D95B2672872356F005CEAF5 /* MapAnnotationView.swift */,
				7D95B27328723888005CEAF5 /* CoverImageView.swift */,
				7D95B27F28724204005CEAF5 /* VacationDetailView.swift */,
				7D95B28128724262005CEAF5 /* VacationListItemView.swift */,
				7D6EF98F287B51A9003D78BA /* InsertGalleryView.swift */,
			);
			path = Views;
			sourceTree = "<group>";
		};
		7D95B260287234E7005CEAF5 /* App */ = {
			isa = PBXGroup;
			children = (
				7D95B23528722D76005CEAF5 /* Christina_Photo_AppApp.swift */,
				7D95B23728722D76005CEAF5 /* ContentView.swift */,
				7D95B261287234F4005CEAF5 /* MainView.swift */,
				7D95B26328723533005CEAF5 /* GalleryView.swift */,
				7D95B2652872353B005CEAF5 /* MapView.swift */,
			);
			path = App;
			sourceTree = "<group>";
		};
		7D95B2692872357C005CEAF5 /* Data */ = {
			isa = PBXGroup;
			children = (
				7D95B27728723908005CEAF5 /* covers.json */,
				7D95B27928723924005CEAF5 /* locations.json */,
				7D95B27D287240EB005CEAF5 /* vacations.json */,
				7D6EF992287B5585003D78BA /* gallery.json */,
			);
			path = Data;
			sourceTree = "<group>";
		};
		7D95B26A28723582005CEAF5 /* Model */ = {
			isa = PBXGroup;
			children = (
				7D95B26B28723596005CEAF5 /* LocationModel.swift */,
				7D95B275287238B9005CEAF5 /* CoverImageModel.swift */,
				7D95B27B28723F92005CEAF5 /* VacationModel.swift */,
			);
			path = Model;
			sourceTree = "<group>";
		};
		7D95B26E28723697005CEAF5 /* Extension */ = {
			isa = PBXGroup;
			children = (
				7D95B26F287236AC005CEAF5 /* CodableBundleExtension.swift */,
			);
			path = Extension;
			sourceTree = "<group>";
		};
/* End PBXGroup section */

/* Begin PBXNativeTarget section */
		7D95B23128722D76005CEAF5 /* Christina Photo App */ = {
			isa = PBXNativeTarget;
			buildConfigurationList = 7D95B25628722D77005CEAF5 /* Build configuration list for PBXNativeTarget "Christina Photo App" */;
			buildPhases = (
				7D95B22E28722D76005CEAF5 /* Sources */,
				7D95B22F28722D76005CEAF5 /* Frameworks */,
				7D95B23028722D76005CEAF5 /* Resources */,
			);
			buildRules = (
			);
			dependencies = (
			);
			name = "Christina Photo App";
			productName = "Christina Photo App";
			productReference = 7D95B23228722D76005CEAF5 /* Christina Photo App.app */;
			productType = "com.apple.product-type.application";
		};
		7D95B24128722D77005CEAF5 /* Christina Photo AppTests */ = {
			isa = PBXNativeTarget;
			buildConfigurationList = 7D95B25928722D77005CEAF5 /* Build configuration list for PBXNativeTarget "Christina Photo AppTests" */;
			buildPhases = (
				7D95B23E28722D77005CEAF5 /* Sources */,
				7D95B23F28722D77005CEAF5 /* Frameworks */,
				7D95B24028722D77005CEAF5 /* Resources */,
			);
			buildRules = (
			);
			dependencies = (
				7D95B24428722D77005CEAF5 /* PBXTargetDependency */,
			);
			name = "Christina Photo AppTests";
			productName = "Christina Photo AppTests";
			productReference = 7D95B24228722D77005CEAF5 /* Christina Photo AppTests.xctest */;
			productType = "com.apple.product-type.bundle.unit-test";
		};
		7D95B24B28722D77005CEAF5 /* Christina Photo AppUITests */ = {
			isa = PBXNativeTarget;
			buildConfigurationList = 7D95B25C28722D77005CEAF5 /* Build configuration list for PBXNativeTarget "Christina Photo AppUITests" */;
			buildPhases = (
				7D95B24828722D77005CEAF5 /* Sources */,
				7D95B24928722D77005CEAF5 /* Frameworks */,
				7D95B24A28722D77005CEAF5 /* Resources */,
			);
			buildRules = (
			);
			dependencies = (
				7D95B24E28722D77005CEAF5 /* PBXTargetDependency */,
			);
			name = "Christina Photo AppUITests";
			productName = "Christina Photo AppUITests";
			productReference = 7D95B24C28722D77005CEAF5 /* Christina Photo AppUITests.xctest */;
			productType = "com.apple.product-type.bundle.ui-testing";
		};
/* End PBXNativeTarget section */

/* Begin PBXProject section */
		7D95B22A28722D76005CEAF5 /* Project object */ = {
			isa = PBXProject;
			attributes = {
				BuildIndependentTargetsInParallel = 1;
				LastSwiftUpdateCheck = 1400;
				LastUpgradeCheck = 1400;
				TargetAttributes = {
					7D95B23128722D76005CEAF5 = {
						CreatedOnToolsVersion = 14.0;
					};
					7D95B24128722D77005CEAF5 = {
						CreatedOnToolsVersion = 14.0;
						TestTargetID = 7D95B23128722D76005CEAF5;
					};
					7D95B24B28722D77005CEAF5 = {
						CreatedOnToolsVersion = 14.0;
						TestTargetID = 7D95B23128722D76005CEAF5;
					};
				};
			};
			buildConfigurationList = 7D95B22D28722D76005CEAF5 /* Build configuration list for PBXProject "Christina Photo App" */;
			compatibilityVersion = "Xcode 14.0";
			developmentRegion = en;
			hasScannedForEncodings = 0;
			knownRegions = (
				en,
				Base,
			);
			mainGroup = 7D95B22928722D76005CEAF5;
			productRefGroup = 7D95B23328722D76005CEAF5 /* Products */;
			projectDirPath = "";
			projectRoot = "";
			targets = (
				7D95B23128722D76005CEAF5 /* Christina Photo App */,
				7D95B24128722D77005CEAF5 /* Christina Photo AppTests */,
				7D95B24B28722D77005CEAF5 /* Christina Photo AppUITests */,
			);
		};
/* End PBXProject section */

/* Begin PBXResourcesBuildPhase section */
		7D95B23028722D76005CEAF5 /* Resources */ = {
			isa = PBXResourcesBuildPhase;
			buildActionMask = 2147483647;
			files = (
				7D6EF993287B5585003D78BA /* gallery.json in Resources */,
				7D95B23D28722D76005CEAF5 /* Preview Assets.xcassets in Resources */,
				7D95B27828723908005CEAF5 /* covers.json in Resources */,
				7D95B27A28723924005CEAF5 /* locations.json in Resources */,
				7D95B23A28722D76005CEAF5 /* Assets.xcassets in Resources */,
				7D95B27E287240EB005CEAF5 /* vacations.json in Resources */,
			);
			runOnlyForDeploymentPostprocessing = 0;
		};
		7D95B24028722D77005CEAF5 /* Resources */ = {
			isa = PBXResourcesBuildPhase;
			buildActionMask = 2147483647;
			files = (
			);
			runOnlyForDeploymentPostprocessing = 0;
		};
		7D95B24A28722D77005CEAF5 /* Resources */ = {
			isa = PBXResourcesBuildPhase;
			buildActionMask = 2147483647;
			files = (
			);
			runOnlyForDeploymentPostprocessing = 0;
		};
/* End PBXResourcesBuildPhase section */

/* Begin PBXSourcesBuildPhase section */
		7D95B22E28722D76005CEAF5 /* Sources */ = {
			isa = PBXSourcesBuildPhase;
			buildActionMask = 2147483647;
			files = (
				7D95B270287236AC005CEAF5 /* CodableBundleExtension.swift in Sources */,
				7D95B2682872356F005CEAF5 /* MapAnnotationView.swift in Sources */,
				7D95B28028724204005CEAF5 /* VacationDetailView.swift in Sources */,
				7D95B27C28723F92005CEAF5 /* VacationModel.swift in Sources */,
				7D95B27428723888005CEAF5 /* CoverImageView.swift in Sources */,
				7D95B23828722D76005CEAF5 /* ContentView.swift in Sources */,
				7D95B262287234F4005CEAF5 /* MainView.swift in Sources */,
				7D95B28228724262005CEAF5 /* VacationListItemView.swift in Sources */,
				7D95B276287238B9005CEAF5 /* CoverImageModel.swift in Sources */,
				7D95B2662872353B005CEAF5 /* MapView.swift in Sources */,
				7D95B23628722D76005CEAF5 /* Christina_Photo_AppApp.swift in Sources */,
				7D95B26C28723596005CEAF5 /* LocationModel.swift in Sources */,
				7D6EF990287B51A9003D78BA /* InsertGalleryView.swift in Sources */,
				7D95B26428723533005CEAF5 /* GalleryView.swift in Sources */,
			);
			runOnlyForDeploymentPostprocessing = 0;
		};
		7D95B23E28722D77005CEAF5 /* Sources */ = {
			isa = PBXSourcesBuildPhase;
			buildActionMask = 2147483647;
			files = (
				7D95B24728722D77005CEAF5 /* Christina_Photo_AppTests.swift in Sources */,
			);
			runOnlyForDeploymentPostprocessing = 0;
		};
		7D95B24828722D77005CEAF5 /* Sources */ = {
			isa = PBXSourcesBuildPhase;
			buildActionMask = 2147483647;
			files = (
				7D95B25128722D77005CEAF5 /* Christina_Photo_AppUITests.swift in Sources */,
				7D95B25328722D77005CEAF5 /* Christina_Photo_AppUITestsLaunchTests.swift in Sources */,
			);
			runOnlyForDeploymentPostprocessing = 0;
		};
/* End PBXSourcesBuildPhase section */

/* Begin PBXTargetDependency section */
		7D95B24428722D77005CEAF5 /* PBXTargetDependency */ = {
			isa = PBXTargetDependency;
			target = 7D95B23128722D76005CEAF5 /* Christina Photo App */;
			targetProxy = 7D95B24328722D77005CEAF5 /* PBXContainerItemProxy */;
		};
		7D95B24E28722D77005CEAF5 /* PBXTargetDependency */ = {
			isa = PBXTargetDependency;
			target = 7D95B23128722D76005CEAF5 /* Christina Photo App */;
			targetProxy = 7D95B24D28722D77005CEAF5 /* PBXContainerItemProxy */;
		};
/* End PBXTargetDependency section */

/* Begin XCBuildConfiguration section */
		7D95B25428722D77005CEAF5 /* Debug */ = {
			isa = XCBuildConfiguration;
			buildSettings = {
				ALWAYS_SEARCH_USER_PATHS = NO;
				CLANG_ANALYZER_NONNULL = YES;
				CLANG_ANALYZER_NUMBER_OBJECT_CONVERSION = YES_AGGRESSIVE;
				CLANG_CXX_LANGUAGE_STANDARD = "gnu++17";
				CLANG_ENABLE_MODULES = YES;
				CLANG_ENABLE_OBJC_ARC = YES;
				CLANG_ENABLE_OBJC_WEAK = YES;
				CLANG_WARN_BLOCK_CAPTURE_AUTORELEASING = YES;
				CLANG_WARN_BOOL_CONVERSION = YES;
				CLANG_WARN_COMMA = YES;
				CLANG_WARN_CONSTANT_CONVERSION = YES;
				CLANG_WARN_DEPRECATED_OBJC_IMPLEMENTATIONS = YES;
				CLANG_WARN_DIRECT_OBJC_ISA_USAGE = YES_ERROR;
				CLANG_WARN_DOCUMENTATION_COMMENTS = YES;
				CLANG_WARN_EMPTY_BODY = YES;
				CLANG_WARN_ENUM_CONVERSION = YES;
				CLANG_WARN_INFINITE_RECURSION = YES;
				CLANG_WARN_INT_CONVERSION = YES;
				CLANG_WARN_NON_LITERAL_NULL_CONVERSION = YES;
				CLANG_WARN_OBJC_IMPLICIT_RETAIN_SELF = YES;
				CLANG_WARN_OBJC_LITERAL_CONVERSION = YES;
				CLANG_WARN_OBJC_ROOT_CLASS = YES_ERROR;
				CLANG_WARN_QUOTED_INCLUDE_IN_FRAMEWORK_HEADER = YES;
				CLANG_WARN_RANGE_LOOP_ANALYSIS = YES;
				CLANG_WARN_STRICT_PROTOTYPES = YES;
				CLANG_WARN_SUSPICIOUS_MOVE = YES;
				CLANG_WARN_UNGUARDED_AVAILABILITY = YES_AGGRESSIVE;
				CLANG_WARN_UNREACHABLE_CODE = YES;
				CLANG_WARN__DUPLICATE_METHOD_MATCH = YES;
				COPY_PHASE_STRIP = NO;
				DEBUG_INFORMATION_FORMAT = dwarf;
				ENABLE_STRICT_OBJC_MSGSEND = YES;
				ENABLE_TESTABILITY = YES;
				GCC_C_LANGUAGE_STANDARD = gnu11;
				GCC_DYNAMIC_NO_PIC = NO;
				GCC_NO_COMMON_BLOCKS = YES;
				GCC_OPTIMIZATION_LEVEL = 0;
				GCC_PREPROCESSOR_DEFINITIONS = (
					"DEBUG=1",
					"$(inherited)",
				);
				GCC_WARN_64_TO_32_BIT_CONVERSION = YES;
				GCC_WARN_ABOUT_RETURN_TYPE = YES_ERROR;
				GCC_WARN_UNDECLARED_SELECTOR = YES;
				GCC_WARN_UNINITIALIZED_AUTOS = YES_AGGRESSIVE;
				GCC_WARN_UNUSED_FUNCTION = YES;
				GCC_WARN_UNUSED_VARIABLE = YES;
				IPHONEOS_DEPLOYMENT_TARGET = 16.0;
				MTL_ENABLE_DEBUG_INFO = INCLUDE_SOURCE;
				MTL_FAST_MATH = YES;
				ONLY_ACTIVE_ARCH = YES;
				SDKROOT = iphoneos;
				SWIFT_ACTIVE_COMPILATION_CONDITIONS = DEBUG;
				SWIFT_OPTIMIZATION_LEVEL = "-Onone";
			};
			name = Debug;
		};
		7D95B25528722D77005CEAF5 /* Release */ = {
			isa = XCBuildConfiguration;
			buildSettings = {
				ALWAYS_SEARCH_USER_PATHS = NO;
				CLANG_ANALYZER_NONNULL = YES;
				CLANG_ANALYZER_NUMBER_OBJECT_CONVERSION = YES_AGGRESSIVE;
				CLANG_CXX_LANGUAGE_STANDARD = "gnu++17";
				CLANG_ENABLE_MODULES = YES;
				CLANG_ENABLE_OBJC_ARC = YES;
				CLANG_ENABLE_OBJC_WEAK = YES;
				CLANG_WARN_BLOCK_CAPTURE_AUTORELEASING = YES;
				CLANG_WARN_BOOL_CONVERSION = YES;
				CLANG_WARN_COMMA = YES;
				CLANG_WARN_CONSTANT_CONVERSION = YES;
				CLANG_WARN_DEPRECATED_OBJC_IMPLEMENTATIONS = YES;
				CLANG_WARN_DIRECT_OBJC_ISA_USAGE = YES_ERROR;
				CLANG_WARN_DOCUMENTATION_COMMENTS = YES;
				CLANG_WARN_EMPTY_BODY = YES;
				CLANG_WARN_ENUM_CONVERSION = YES;
				CLANG_WARN_INFINITE_RECURSION = YES;
				CLANG_WARN_INT_CONVERSION = YES;
				CLANG_WARN_NON_LITERAL_NULL_CONVERSION = YES;
				CLANG_WARN_OBJC_IMPLICIT_RETAIN_SELF = YES;
				CLANG_WARN_OBJC_LITERAL_CONVERSION = YES;
				CLANG_WARN_OBJC_ROOT_CLASS = YES_ERROR;
				CLANG_WARN_QUOTED_INCLUDE_IN_FRAMEWORK_HEADER = YES;
				CLANG_WARN_RANGE_LOOP_ANALYSIS = YES;
				CLANG_WARN_STRICT_PROTOTYPES = YES;
				CLANG_WARN_SUSPICIOUS_MOVE = YES;
				CLANG_WARN_UNGUARDED_AVAILABILITY = YES_AGGRESSIVE;
				CLANG_WARN_UNREACHABLE_CODE = YES;
				CLANG_WARN__DUPLICATE_METHOD_MATCH = YES;
				COPY_PHASE_STRIP = NO;
				DEBUG_INFORMATION_FORMAT = "dwarf-with-dsym";
				ENABLE_NS_ASSERTIONS = NO;
				ENABLE_STRICT_OBJC_MSGSEND = YES;
				GCC_C_LANGUAGE_STANDARD = gnu11;
				GCC_NO_COMMON_BLOCKS = YES;
				GCC_WARN_64_TO_32_BIT_CONVERSION = YES;
				GCC_WARN_ABOUT_RETURN_TYPE = YES_ERROR;
				GCC_WARN_UNDECLARED_SELECTOR = YES;
				GCC_WARN_UNINITIALIZED_AUTOS = YES_AGGRESSIVE;
				GCC_WARN_UNUSED_FUNCTION = YES;
				GCC_WARN_UNUSED_VARIABLE = YES;
				IPHONEOS_DEPLOYMENT_TARGET = 16.0;
				MTL_ENABLE_DEBUG_INFO = NO;
				MTL_FAST_MATH = YES;
				SDKROOT = iphoneos;
				SWIFT_COMPILATION_MODE = wholemodule;
				SWIFT_OPTIMIZATION_LEVEL = "-O";
				VALIDATE_PRODUCT = YES;
			};
			name = Release;
		};
		7D95B25728722D77005CEAF5 /* Debug */ = {
			isa = XCBuildConfiguration;
			buildSettings = {
				ASSETCATALOG_COMPILER_APPICON_NAME = AppIcon;
				ASSETCATALOG_COMPILER_GLOBAL_ACCENT_COLOR_NAME = AccentColor;
				CODE_SIGN_STYLE = Automatic;
				CURRENT_PROJECT_VERSION = 1;
				DEVELOPMENT_ASSET_PATHS = "\"Christina Photo App/Preview Content\"";
				DEVELOPMENT_TEAM = 8M4VMWD9G6;
				ENABLE_PREVIEWS = YES;
				GENERATE_INFOPLIST_FILE = YES;
				INFOPLIST_KEY_CFBundleDisplayName = Memories;
				INFOPLIST_KEY_UIApplicationSceneManifest_Generation = YES;
				INFOPLIST_KEY_UIApplicationSupportsIndirectInputEvents = YES;
				INFOPLIST_KEY_UILaunchScreen_Generation = YES;
				INFOPLIST_KEY_UISupportedInterfaceOrientations = "UIInterfaceOrientationLandscapeLeft UIInterfaceOrientationLandscapeRight";
				INFOPLIST_KEY_UISupportedInterfaceOrientations_iPhone = UIInterfaceOrientationPortrait;
				IPHONEOS_DEPLOYMENT_TARGET = 14.0;
				LD_RUNPATH_SEARCH_PATHS = (
					"$(inherited)",
					"@executable_path/Frameworks",
				);
				MARKETING_VERSION = 1.0;
				PRODUCT_BUNDLE_IDENTIFIER = "com.charlesrobertsdesign.Christina-Photo-App";
				PRODUCT_NAME = "$(TARGET_NAME)";
				SWIFT_EMIT_LOC_STRINGS = YES;
				SWIFT_VERSION = 5.0;
				TARGETED_DEVICE_FAMILY = "1,2";
			};
			name = Debug;
		};
		7D95B25828722D77005CEAF5 /* Release */ = {
			isa = XCBuildConfiguration;
			buildSettings = {
				ASSETCATALOG_COMPILER_APPICON_NAME = AppIcon;
				ASSETCATALOG_COMPILER_GLOBAL_ACCENT_COLOR_NAME = AccentColor;
				CODE_SIGN_STYLE = Automatic;
				CURRENT_PROJECT_VERSION = 1;
				DEVELOPMENT_ASSET_PATHS = "\"Christina Photo App/Preview Content\"";
				DEVELOPMENT_TEAM = 8M4VMWD9G6;
				ENABLE_PREVIEWS = YES;
				GENERATE_INFOPLIST_FILE = YES;
				INFOPLIST_KEY_CFBundleDisplayName = Memories;
				INFOPLIST_KEY_UIApplicationSceneManifest_Generation = YES;
				INFOPLIST_KEY_UIApplicationSupportsIndirectInputEvents = YES;
				INFOPLIST_KEY_UILaunchScreen_Generation = YES;
				INFOPLIST_KEY_UISupportedInterfaceOrientations = "UIInterfaceOrientationLandscapeLeft UIInterfaceOrientationLandscapeRight";
				INFOPLIST_KEY_UISupportedInterfaceOrientations_iPhone = UIInterfaceOrientationPortrait;
				IPHONEOS_DEPLOYMENT_TARGET = 14.0;
				LD_RUNPATH_SEARCH_PATHS = (
					"$(inherited)",
					"@executable_path/Frameworks",
				);
				MARKETING_VERSION = 1.0;
				PRODUCT_BUNDLE_IDENTIFIER = "com.charlesrobertsdesign.Christina-Photo-App";
				PRODUCT_NAME = "$(TARGET_NAME)";
				SWIFT_EMIT_LOC_STRINGS = YES;
				SWIFT_VERSION = 5.0;
				TARGETED_DEVICE_FAMILY = "1,2";
			};
			name = Release;
		};
		7D95B25A28722D77005CEAF5 /* Debug */ = {
			isa = XCBuildConfiguration;
			buildSettings = {
				ALWAYS_EMBED_SWIFT_STANDARD_LIBRARIES = YES;
				BUNDLE_LOADER = "$(TEST_HOST)";
				CODE_SIGN_STYLE = Automatic;
				CURRENT_PROJECT_VERSION = 1;
				DEVELOPMENT_TEAM = 8M4VMWD9G6;
				GENERATE_INFOPLIST_FILE = YES;
				IPHONEOS_DEPLOYMENT_TARGET = 16.0;
				MARKETING_VERSION = 1.0;
				PRODUCT_BUNDLE_IDENTIFIER = "com.charlesrobertsdesign.Christina-Photo-AppTests";
				PRODUCT_NAME = "$(TARGET_NAME)";
				SWIFT_EMIT_LOC_STRINGS = NO;
				SWIFT_VERSION = 5.0;
				TARGETED_DEVICE_FAMILY = "1,2";
				TEST_HOST = "$(BUILT_PRODUCTS_DIR)/Christina Photo App.app/$(BUNDLE_EXECUTABLE_FOLDER_PATH)/Christina Photo App";
			};
			name = Debug;
		};
		7D95B25B28722D77005CEAF5 /* Release */ = {
			isa = XCBuildConfiguration;
			buildSettings = {
				ALWAYS_EMBED_SWIFT_STANDARD_LIBRARIES = YES;
				BUNDLE_LOADER = "$(TEST_HOST)";
				CODE_SIGN_STYLE = Automatic;
				CURRENT_PROJECT_VERSION = 1;
				DEVELOPMENT_TEAM = 8M4VMWD9G6;
				GENERATE_INFOPLIST_FILE = YES;
				IPHONEOS_DEPLOYMENT_TARGET = 16.0;
				MARKETING_VERSION = 1.0;
				PRODUCT_BUNDLE_IDENTIFIER = "com.charlesrobertsdesign.Christina-Photo-AppTests";
				PRODUCT_NAME = "$(TARGET_NAME)";
				SWIFT_EMIT_LOC_STRINGS = NO;
				SWIFT_VERSION = 5.0;
				TARGETED_DEVICE_FAMILY = "1,2";
				TEST_HOST = "$(BUILT_PRODUCTS_DIR)/Christina Photo App.app/$(BUNDLE_EXECUTABLE_FOLDER_PATH)/Christina Photo App";
			};
			name = Release;
		};
		7D95B25D28722D77005CEAF5 /* Debug */ = {
			isa = XCBuildConfiguration;
			buildSettings = {
				ALWAYS_EMBED_SWIFT_STANDARD_LIBRARIES = YES;
				CODE_SIGN_STYLE = Automatic;
				CURRENT_PROJECT_VERSION = 1;
				DEVELOPMENT_TEAM = 8M4VMWD9G6;
				GENERATE_INFOPLIST_FILE = YES;
				MARKETING_VERSION = 1.0;
				PRODUCT_BUNDLE_IDENTIFIER = "com.charlesrobertsdesign.Christina-Photo-AppUITests";
				PRODUCT_NAME = "$(TARGET_NAME)";
				SWIFT_EMIT_LOC_STRINGS = NO;
				SWIFT_VERSION = 5.0;
				TARGETED_DEVICE_FAMILY = "1,2";
				TEST_TARGET_NAME = "Christina Photo App";
			};
			name = Debug;
		};
		7D95B25E28722D77005CEAF5 /* Release */ = {
			isa = XCBuildConfiguration;
			buildSettings = {
				ALWAYS_EMBED_SWIFT_STANDARD_LIBRARIES = YES;
				CODE_SIGN_STYLE = Automatic;
				CURRENT_PROJECT_VERSION = 1;
				DEVELOPMENT_TEAM = 8M4VMWD9G6;
				GENERATE_INFOPLIST_FILE = YES;
				MARKETING_VERSION = 1.0;
				PRODUCT_BUNDLE_IDENTIFIER = "com.charlesrobertsdesign.Christina-Photo-AppUITests";
				PRODUCT_NAME = "$(TARGET_NAME)";
				SWIFT_EMIT_LOC_STRINGS = NO;
				SWIFT_VERSION = 5.0;
				TARGETED_DEVICE_FAMILY = "1,2";
				TEST_TARGET_NAME = "Christina Photo App";
			};
			name = Release;
		};
/* End XCBuildConfiguration section */

/* Begin XCConfigurationList section */
		7D95B22D28722D76005CEAF5 /* Build configuration list for PBXProject "Christina Photo App" */ = {
			isa = XCConfigurationList;
			buildConfigurations = (
				7D95B25428722D77005CEAF5 /* Debug */,
				7D95B25528722D77005CEAF5 /* Release */,
			);
			defaultConfigurationIsVisible = 0;
			defaultConfigurationName = Release;
		};
		7D95B25628722D77005CEAF5 /* Build configuration list for PBXNativeTarget "Christina Photo App" */ = {
			isa = XCConfigurationList;
			buildConfigurations = (
				7D95B25728722D77005CEAF5 /* Debug */,
				7D95B25828722D77005CEAF5 /* Release */,
			);
			defaultConfigurationIsVisible = 0;
			defaultConfigurationName = Release;
		};
		7D95B25928722D77005CEAF5 /* Build configuration list for PBXNativeTarget "Christina Photo AppTests" */ = {
			isa = XCConfigurationList;
			buildConfigurations = (
				7D95B25A28722D77005CEAF5 /* Debug */,
				7D95B25B28722D77005CEAF5 /* Release */,
			);
			defaultConfigurationIsVisible = 0;
			defaultConfigurationName = Release;
		};
		7D95B25C28722D77005CEAF5 /* Build configuration list for PBXNativeTarget "Christina Photo AppUITests" */ = {
			isa = XCConfigurationList;
			buildConfigurations = (
				7D95B25D28722D77005CEAF5 /* Debug */,
				7D95B25E28722D77005CEAF5 /* Release */,
			);
			defaultConfigurationIsVisible = 0;
			defaultConfigurationName = Release;
		};
/* End XCConfigurationList section */
	};
	rootObject = 7D95B22A28722D76005CEAF5 /* Project object */;
}
